
Microsoft Visual Studio Solution File, Format Version 12.00
# Visual Studio Version 17
VisualStudioVersion = 17.9.34321.82
MinimumVisualStudioVersion = 10.0.40219.1
Project("{2150E333-8FDC-42A3-9474-1A3956D46DE8}") = "src", "src", "{67A83A6E-67AA-455C-9639-18561111E0B0}"
EndProject
Project("{2150E333-8FDC-42A3-9474-1A3956D46DE8}") = "Core", "Core", "{6A73B4F6-25E4-4D5F-A772-5B3ED095720A}"
EndProject
Project("{2150E333-8FDC-42A3-9474-1A3956D46DE8}") = "Infrastructure", "Infrastructure", "{EA0BE860-5911-45DF-A802-A1C1B44A95DA}"
EndProject
Project("{2150E333-8FDC-42A3-9474-1A3956D46DE8}") = "Presentation", "Presentation", "{32126D91-9879-4F27-B76C-D3C580081D5E}"
EndProject
Project("{FAE04EC0-301F-11D3-BF4B-00C04F79EFBC}") = "Pavon.Domain", "Pavon.Domain\Pavon.Domain.csproj", "{45491F6D-D79D-4CFD-AFCB-65BEB74C9C85}"
EndProject
Project("{FAE04EC0-301F-11D3-BF4B-00C04F79EFBC}") = "Pavon.Application", "Pavon.Application\Pavon.Application.csproj", "{505932F1-53BD-4A44-AB19-9D9DCA12657B}"
EndProject
Project("{FAE04EC0-301F-11D3-BF4B-00C04F79EFBC}") = "Pavon.Infrastructure", "Pavon.Infrastructure\Pavon.Infrastructure.csproj", "{AF593E5B-A0B6-4E71-9EED-728F6D503ACF}"
EndProject
Project("{FAE04EC0-301F-11D3-BF4B-00C04F79EFBC}") = "Pavon.Grpc", "Pavon.Grpc\Pavon.Grpc.csproj", "{84B81B88-91C2-4B33-897F-915A7C6075BA}"
EndProject
Project("{FAE04EC0-301F-11D3-BF4B-00C04F79EFBC}") = "Pavon.Persistence", "Pavon.Persistence\Pavon.Persistence.csproj", "{B3569427-2BB6-4369-BA64-3118C6DD5A45}"
EndProject
Project("{FAE04EC0-301F-11D3-BF4B-00C04F79EFBC}") = "Pavon.API", "Pavon.API\Pavon.API.csproj", "{FE99B9A6-BFE9-4BA6-932E-B9D75CDEBE40}"
EndProject
Global
	GlobalSection(SolutionConfigurationPlatforms) = preSolution
		Debug|Any CPU = Debug|Any CPU
		Release|Any CPU = Release|Any CPU
	EndGlobalSection
	GlobalSection(ProjectConfigurationPlatforms) = postSolution
		{45491F6D-D79D-4CFD-AFCB-65BEB74C9C85}.Debug|Any CPU.ActiveCfg = Debug|Any CPU
		{45491F6D-D79D-4CFD-AFCB-65BEB74C9C85}.Debug|Any CPU.Build.0 = Debug|Any CPU
		{45491F6D-D79D-4CFD-AFCB-65BEB74C9C85}.Release|Any CPU.ActiveCfg = Release|Any CPU
		{45491F6D-D79D-4CFD-AFCB-65BEB74C9C85}.Release|Any CPU.Build.0 = Release|Any CPU
		{505932F1-53BD-4A44-AB19-9D9DCA12657B}.Debug|Any CPU.ActiveCfg = Debug|Any CPU
		{505932F1-53BD-4A44-AB19-9D9DCA12657B}.Debug|Any CPU.Build.0 = Debug|Any CPU
		{505932F1-53BD-4A44-AB19-9D9DCA12657B}.Release|Any CPU.ActiveCfg = Release|Any CPU
		{505932F1-53BD-4A44-AB19-9D9DCA12657B}.Release|Any CPU.Build.0 = Release|Any CPU
		{AF593E5B-A0B6-4E71-9EED-728F6D503ACF}.Debug|Any CPU.ActiveCfg = Debug|Any CPU
		{AF593E5B-A0B6-4E71-9EED-728F6D503ACF}.Debug|Any CPU.Build.0 = Debug|Any CPU
		{AF593E5B-A0B6-4E71-9EED-728F6D503ACF}.Release|Any CPU.ActiveCfg = Release|Any CPU
		{AF593E5B-A0B6-4E71-9EED-728F6D503ACF}.Release|Any CPU.Build.0 = Release|Any CPU
		{84B81B88-91C2-4B33-897F-915A7C6075BA}.Debug|Any CPU.ActiveCfg = Debug|Any CPU
		{84B81B88-91C2-4B33-897F-915A7C6075BA}.Debug|Any CPU.Build.0 = Debug|Any CPU
		{84B81B88-91C2-4B33-897F-915A7C6075BA}.Release|Any CPU.ActiveCfg = Release|Any CPU
		{84B81B88-91C2-4B33-897F-915A7C6075BA}.Release|Any CPU.Build.0 = Release|Any CPU
		{B3569427-2BB6-4369-BA64-3118C6DD5A45}.Debug|Any CPU.ActiveCfg = Debug|Any CPU
		{B3569427-2BB6-4369-BA64-3118C6DD5A45}.Debug|Any CPU.Build.0 = Debug|Any CPU
		{B3569427-2BB6-4369-BA64-3118C6DD5A45}.Release|Any CPU.ActiveCfg = Release|Any CPU
		{B3569427-2BB6-4369-BA64-3118C6DD5A45}.Release|Any CPU.Build.0 = Release|Any CPU
		{FE99B9A6-BFE9-4BA6-932E-B9D75CDEBE40}.Debug|Any CPU.ActiveCfg = Debug|Any CPU
		{FE99B9A6-BFE9-4BA6-932E-B9D75CDEBE40}.Debug|Any CPU.Build.0 = Debug|Any CPU
		{FE99B9A6-BFE9-4BA6-932E-B9D75CDEBE40}.Release|Any CPU.ActiveCfg = Release|Any CPU
		{FE99B9A6-BFE9-4BA6-932E-B9D75CDEBE40}.Release|Any CPU.Build.0 = Release|Any CPU
	EndGlobalSection
	GlobalSection(SolutionProperties) = preSolution
		HideSolutionNode = FALSE
	EndGlobalSection
	GlobalSection(NestedProjects) = preSolution
		{6A73B4F6-25E4-4D5F-A772-5B3ED095720A} = {67A83A6E-67AA-455C-9639-18561111E0B0}
		{EA0BE860-5911-45DF-A802-A1C1B44A95DA} = {67A83A6E-67AA-455C-9639-18561111E0B0}
		{32126D91-9879-4F27-B76C-D3C580081D5E} = {67A83A6E-67AA-455C-9639-18561111E0B0}
		{45491F6D-D79D-4CFD-AFCB-65BEB74C9C85} = {6A73B4F6-25E4-4D5F-A772-5B3ED095720A}
		{505932F1-53BD-4A44-AB19-9D9DCA12657B} = {6A73B4F6-25E4-4D5F-A772-5B3ED095720A}
		{AF593E5B-A0B6-4E71-9EED-728F6D503ACF} = {EA0BE860-5911-45DF-A802-A1C1B44A95DA}
		{84B81B88-91C2-4B33-897F-915A7C6075BA} = {32126D91-9879-4F27-B76C-D3C580081D5E}
		{B3569427-2BB6-4369-BA64-3118C6DD5A45} = {EA0BE860-5911-45DF-A802-A1C1B44A95DA}
		{FE99B9A6-BFE9-4BA6-932E-B9D75CDEBE40} = {32126D91-9879-4F27-B76C-D3C580081D5E}
	EndGlobalSection
	GlobalSection(ExtensibilityGlobals) = postSolution
		SolutionGuid = {701A11D3-8510-428C-8DDF-7F6D86863193}
	EndGlobalSection
EndGlobal
